
Microsoft Visual Studio Solution File, Format Version 12.00
# Visual Studio Version 16
VisualStudioVersion = 16.0.29009.5
MinimumVisualStudioVersion = 10.0.40219.1
Project("{FAE04EC0-301F-11D3-BF4B-00C04F79EFBC}") = "TemolateMethod_Food", "TemolateMethod_Food.csproj", "{4A6D5031-10C7-4AAC-989A-CEFD1FA64FAD}"
EndProject
Global
	GlobalSection(SolutionConfigurationPlatforms) = preSolution
		Debug|Any CPU = Debug|Any CPU
		Release|Any CPU = Release|Any CPU
	EndGlobalSection
	GlobalSection(ProjectConfigurationPlatforms) = postSolution
		{4A6D5031-10C7-4AAC-989A-CEFD1FA64FAD}.Debug|Any CPU.ActiveCfg = Debug|Any CPU
		{4A6D5031-10C7-4AAC-989A-CEFD1FA64FAD}.Debug|Any CPU.Build.0 = Debug|Any CPU
		{4A6D5031-10C7-4AAC-989A-CEFD1FA64FAD}.Release|Any CPU.ActiveCfg = Release|Any CPU
		{4A6D5031-10C7-4AAC-989A-CEFD1FA64FAD}.Release|Any CPU.Build.0 = Release|Any CPU
	EndGlobalSection
	GlobalSection(SolutionProperties) = preSolution
		HideSolutionNode = FALSE
	EndGlobalSection
	GlobalSection(ExtensibilityGlobals) = postSolution
		SolutionGuid = {6E8164CC-35C1-4819-B0A6-4AD06DA86BD0}
	EndGlobalSection
EndGlobal
